{
  "version": 4,
  "terraform_version": "1.1.9",
  "serial": 26,
  "lineage": "240b797b-cc83-4b55-6410-050c65901d78",
  "outputs": {},
  "resources": [
    {
      "mode": "data",
      "type": "google_storage_transfer_project_service_account",
      "name": "default",
      "provider": "provider[\"registry.terraform.io/hashicorp/google\"]",
      "instances": [
        {
          "schema_version": 0,
          "attributes": {
            "email": "project-221125818319@storage-transfer-service.iam.gserviceaccount.com",
            "id": "project-221125818319@storage-transfer-service.iam.gserviceaccount.com",
            "project": "dtc-de-course-350617",
            "subject_id": "101073892405669698820"
          },
          "sensitive_attributes": []
        }
      ]
    },
    {
      "mode": "managed",
      "type": "google_bigquery_dataset",
      "name": "dataset",
      "provider": "provider[\"registry.terraform.io/hashicorp/google\"]",
      "instances": [
        {
          "schema_version": 0,
          "attributes": {
            "access": [
              {
                "dataset": [],
                "domain": "",
                "group_by_email": "",
                "role": "OWNER",
                "special_group": "",
                "user_by_email": "omelchukmaksym@gmail.com",
                "view": []
              },
              {
                "dataset": [],
                "domain": "",
                "group_by_email": "",
                "role": "OWNER",
                "special_group": "projectOwners",
                "user_by_email": "",
                "view": []
              },
              {
                "dataset": [],
                "domain": "",
                "group_by_email": "",
                "role": "READER",
                "special_group": "projectReaders",
                "user_by_email": "",
                "view": []
              },
              {
                "dataset": [],
                "domain": "",
                "group_by_email": "",
                "role": "WRITER",
                "special_group": "projectWriters",
                "user_by_email": "",
                "view": []
              }
            ],
            "creation_time": 1652953666111,
            "dataset_id": "trips_data_all",
            "default_encryption_configuration": [],
            "default_partition_expiration_ms": 0,
            "default_table_expiration_ms": 0,
            "delete_contents_on_destroy": false,
            "description": "",
            "etag": "jk4hfRCDPMZvdS/oUodYKg==",
            "friendly_name": "",
            "id": "projects/dtc-de-course-350617/datasets/trips_data_all",
            "labels": {},
            "last_modified_time": 1652954617224,
            "location": "europe-west6",
            "project": "dtc-de-course-350617",
            "self_link": "https://bigquery.googleapis.com/bigquery/v2/projects/dtc-de-course-350617/datasets/trips_data_all",
            "timeouts": null
          },
          "sensitive_attributes": [],
          "private": "eyJlMmJmYjczMC1lY2FhLTExZTYtOGY4OC0zNDM2M2JjN2M0YzAiOnsiY3JlYXRlIjoxMjAwMDAwMDAwMDAwLCJkZWxldGUiOjEyMDAwMDAwMDAwMDAsInVwZGF0ZSI6MTIwMDAwMDAwMDAwMH19"
        }
      ]
    },
    {
      "mode": "managed",
      "type": "google_storage_bucket",
      "name": "data-lake-bucket",
      "provider": "provider[\"registry.terraform.io/hashicorp/google\"]",
      "instances": [
        {
          "schema_version": 0,
          "attributes": {
            "cors": [],
            "default_event_based_hold": false,
            "encryption": [],
            "force_destroy": true,
            "id": "dtc_data_lake_dtc-de-course-350617",
            "labels": null,
            "lifecycle_rule": [
              {
                "action": [
                  {
                    "storage_class": "",
                    "type": "Delete"
                  }
                ],
                "condition": [
                  {
                    "age": 30,
                    "created_before": "",
                    "custom_time_before": "",
                    "days_since_custom_time": 0,
                    "days_since_noncurrent_time": 0,
                    "matches_storage_class": [],
                    "noncurrent_time_before": "",
                    "num_newer_versions": 0,
                    "with_state": "ANY"
                  }
                ]
              }
            ],
            "location": "EUROPE-WEST6",
            "logging": [],
            "name": "dtc_data_lake_dtc-de-course-350617",
            "project": "dtc-de-course-350617",
            "requester_pays": false,
            "retention_policy": [],
            "self_link": "https://www.googleapis.com/storage/v1/b/dtc_data_lake_dtc-de-course-350617",
            "storage_class": "STANDARD",
            "timeouts": null,
            "uniform_bucket_level_access": true,
            "url": "gs://dtc_data_lake_dtc-de-course-350617",
            "versioning": [
              {
                "enabled": true
              }
            ],
            "website": []
          },
          "sensitive_attributes": [],
          "private": "eyJlMmJmYjczMC1lY2FhLTExZTYtOGY4OC0zNDM2M2JjN2M0YzAiOnsiY3JlYXRlIjoyNDAwMDAwMDAwMDAsInJlYWQiOjI0MDAwMDAwMDAwMCwidXBkYXRlIjoyNDAwMDAwMDAwMDB9fQ=="
        }
      ]
    },
    {
      "mode": "managed",
      "type": "google_storage_bucket",
      "name": "my_aws_to_gcp_storage_transfer",
      "provider": "provider[\"registry.terraform.io/hashicorp/google\"]",
      "instances": [
        {
          "schema_version": 0,
          "attributes": {
            "cors": [],
            "default_event_based_hold": false,
            "encryption": [],
            "force_destroy": false,
            "id": "my_aws_to_gcp_storage_transfer",
            "labels": null,
            "lifecycle_rule": [],
            "location": "EU",
            "logging": [],
            "name": "my_aws_to_gcp_storage_transfer",
            "project": "dtc-de-course-350617",
            "requester_pays": false,
            "retention_policy": [],
            "self_link": "https://www.googleapis.com/storage/v1/b/my_aws_to_gcp_storage_transfer",
            "storage_class": "STANDARD",
            "timeouts": null,
            "uniform_bucket_level_access": false,
            "url": "gs://my_aws_to_gcp_storage_transfer",
            "versioning": [],
            "website": []
          },
          "sensitive_attributes": [],
          "private": "eyJlMmJmYjczMC1lY2FhLTExZTYtOGY4OC0zNDM2M2JjN2M0YzAiOnsiY3JlYXRlIjoyNDAwMDAwMDAwMDAsInJlYWQiOjI0MDAwMDAwMDAwMCwidXBkYXRlIjoyNDAwMDAwMDAwMDB9fQ=="
        }
      ]
    },
    {
      "mode": "managed",
      "type": "google_storage_bucket_iam_member",
      "name": "my_aws_to_gcp_storage_transfer-iam",
      "provider": "provider[\"registry.terraform.io/hashicorp/google\"]",
      "instances": [
        {
          "schema_version": 0,
          "attributes": {
            "bucket": "b/my_aws_to_gcp_storage_transfer",
            "condition": [],
            "etag": "CAI=",
            "id": "b/my_aws_to_gcp_storage_transfer/roles/storage.admin/serviceAccount:project-221125818319@storage-transfer-service.iam.gserviceaccount.com",
            "member": "serviceAccount:project-221125818319@storage-transfer-service.iam.gserviceaccount.com",
            "role": "roles/storage.admin"
          },
          "sensitive_attributes": [],
          "private": "bnVsbA==",
          "dependencies": [
            "data.google_storage_transfer_project_service_account.default",
            "google_storage_bucket.my_aws_to_gcp_storage_transfer"
          ]
        }
      ]
    },
    {
      "mode": "managed",
      "type": "google_storage_transfer_job",
      "name": "s3-bucket-nightly-backup",
      "provider": "provider[\"registry.terraform.io/hashicorp/google\"]",
      "instances": [
        {
          "schema_version": 0,
          "attributes": {
            "creation_time": "2022-05-28T09:16:44.514877775Z",
            "deletion_time": "",
            "description": "Execute a cloud transfer job via terraform",
            "id": "dtc-de-course-350617/9351707100527202828",
            "last_modification_time": "2022-05-28T09:16:44.514877775Z",
            "name": "transferJobs/9351707100527202828",
            "project": "dtc-de-course-350617",
            "schedule": [
              {
                "repeat_interval": "86400s",
                "schedule_end_date": [
                  {
                    "day": 28,
                    "month": 5,
                    "year": 2022
                  }
                ],
                "schedule_start_date": [
                  {
                    "day": 28,
                    "month": 5,
                    "year": 2022
                  }
                ],
                "start_time_of_day": []
              }
            ],
            "status": "ENABLED",
            "transfer_spec": [
              {
                "aws_s3_data_source": [
                  {
                    "aws_access_key": [],
                    "bucket_name": "nyc-tlc",
                    "role_arn": ""
                  }
                ],
                "azure_blob_storage_data_source": [],
                "gcs_data_sink": [
                  {
                    "bucket_name": "my_aws_to_gcp_storage_transfer",
                    "path": ""
                  }
                ],
                "gcs_data_source": [],
                "http_data_source": [],
                "object_conditions": [],
                "posix_data_sink": [],
                "posix_data_source": [],
                "transfer_options": []
              }
            ]
          },
          "sensitive_attributes": [],
          "private": "bnVsbA==",
          "dependencies": [
            "data.google_storage_transfer_project_service_account.default",
            "google_storage_bucket.my_aws_to_gcp_storage_transfer",
            "google_storage_bucket_iam_member.my_aws_to_gcp_storage_transfer-iam"
          ]
        }
      ]
    }
  ]
}
